{
  "version": 4,
  "terraform_version": "0.12.24",
  "serial": 52,
  "lineage": "7c8001f3-b8ff-23df-ae62-b82cc95e4921",
  "outputs": {
    "InstancePrivateIP": {
      "value": "10.1.20.2",
      "type": "string"
    },
    "InstancePublicIP": {
      "value": "140.238.249.244",
      "type": "string"
    }
  },
  "resources": [
    {
      "mode": "data",
      "type": "oci_core_vnic",
      "name": "InstanceVnic",
      "provider": "provider.oci",
      "instances": [
        {
          "schema_version": 0,
          "attributes": {
            "availability_domain": "VPLM:AP-MUMBAI-1-AD-1",
            "compartment_id": "ocid1.compartment.oc1..aaaaaaaabi76e7szr5bi7x4iaetmxkjbj5vgzljoad2h6brophlz2b4aut5a",
            "defined_tags": {
              "Oracle-Tags.AutoDeleteAfterDays": "14",
              "Oracle-Tags.CreatedBy": "oracleidentitycloudservice/vidyut.verma@oracle.com",
              "Oracle-Tags.CreatedOn": "2020-05-03T10:53:07.490Z",
              "Oracle-Tags.Purpose": "Personal Learning"
            },
            "display_name": "primaryvnic",
            "freeform_tags": {},
            "hostname_label": "tfexampleinstance",
            "id": "ocid1.vnic.oc1.ap-mumbai-1.abrg6ljrjmsa4w3uzlcnaz5g6p56oepx2ckjpwzj64jy3nlmchbq77rktgtq",
            "is_primary": true,
            "mac_address": "02:00:17:00:E8:51",
            "nsg_ids": [],
            "private_ip_address": "10.1.20.2",
            "public_ip_address": "140.238.249.244",
            "skip_source_dest_check": false,
            "state": "AVAILABLE",
            "subnet_id": "ocid1.subnet.oc1.ap-mumbai-1.aaaaaaaallddnxftpshcbsi2plwqqseaxchkxnf76fe4q6hbqz44cp4e7o2a",
            "time_created": "2020-05-03 10:53:18.43 +0000 UTC",
            "vnic_id": "ocid1.vnic.oc1.ap-mumbai-1.abrg6ljrjmsa4w3uzlcnaz5g6p56oepx2ckjpwzj64jy3nlmchbq77rktgtq"
          }
        }
      ]
    },
    {
      "mode": "data",
      "type": "oci_core_vnic_attachments",
      "name": "InstanceVnics",
      "provider": "provider.oci",
      "instances": [
        {
          "schema_version": 0,
          "attributes": {
            "availability_domain": "VPLM:AP-MUMBAI-1-AD-1",
            "compartment_id": "ocid1.compartment.oc1..aaaaaaaabi76e7szr5bi7x4iaetmxkjbj5vgzljoad2h6brophlz2b4aut5a",
            "filter": null,
            "id": "2020-05-03 10:54:52.039230327 +0000 UTC",
            "instance_id": "ocid1.instance.oc1.ap-mumbai-1.anrg6ljr43cggcic55ldoi2l2shslwcqxj6sxioo2gypkuplrvft5qdnf4ua",
            "vnic_attachments": [
              {
                "availability_domain": "VPLM:AP-MUMBAI-1-AD-1",
                "compartment_id": "ocid1.compartment.oc1..aaaaaaaabi76e7szr5bi7x4iaetmxkjbj5vgzljoad2h6brophlz2b4aut5a",
                "create_vnic_details": [],
                "display_name": "",
                "id": "ocid1.vnicattachment.oc1.ap-mumbai-1.anrg6ljr43cggcicv5epmbllx34ugze7b5zjtquowst2euwhh5slkqiha7qa",
                "instance_id": "ocid1.instance.oc1.ap-mumbai-1.anrg6ljr43cggcic55ldoi2l2shslwcqxj6sxioo2gypkuplrvft5qdnf4ua",
                "nic_index": 0,
                "state": "ATTACHED",
                "subnet_id": "ocid1.subnet.oc1.ap-mumbai-1.aaaaaaaallddnxftpshcbsi2plwqqseaxchkxnf76fe4q6hbqz44cp4e7o2a",
                "time_created": "2020-05-03 10:53:18.621 +0000 UTC",
                "vlan_tag": 1292,
                "vnic_id": "ocid1.vnic.oc1.ap-mumbai-1.abrg6ljrjmsa4w3uzlcnaz5g6p56oepx2ckjpwzj64jy3nlmchbq77rktgtq"
              }
            ],
            "vnic_id": null
          }
        }
      ]
    },
    {
      "mode": "data",
      "type": "oci_identity_availability_domains",
      "name": "ADs",
      "provider": "provider.oci",
      "instances": [
        {
          "schema_version": 0,
          "attributes": {
            "availability_domains": [
              {
                "compartment_id": "ocid1.tenancy.oc1..aaaaaaaayn6s77e3y4hgz56uzwvay3jrpekafo6ycr5pr5xdsg3gahcygx7a",
                "id": "ocid1.availabilitydomain.oc1..aaaaaaaaqnfxrjivkxya4njkefe2dgbfwua6mxpvzhqal6zzekgsvjchoyjq",
                "name": "VPLM:AP-MUMBAI-1-AD-1"
              }
            ],
            "compartment_id": "ocid1.tenancy.oc1..aaaaaaaayn6s77e3y4hgz56uzwvay3jrpekafo6ycr5pr5xdsg3gahcygx7a",
            "filter": null,
            "id": "2020-05-03 10:53:02.553739816 +0000 UTC"
          }
        }
      ]
    },
    {
      "mode": "managed",
      "type": "oci_core_instance",
      "name": "TFInstance",
      "provider": "provider.oci",
      "instances": [
        {
          "schema_version": 0,
          "attributes": {
            "agent_config": [
              {
                "is_management_disabled": false,
                "is_monitoring_disabled": false
              }
            ],
            "availability_domain": "VPLM:AP-MUMBAI-1-AD-1",
            "boot_volume_id": "ocid1.bootvolume.oc1.ap-mumbai-1.abrg6ljriesr2p55rvqssrteof5vejbegmay77zpgzaoldumzn5kpqytflha",
            "compartment_id": "ocid1.compartment.oc1..aaaaaaaabi76e7szr5bi7x4iaetmxkjbj5vgzljoad2h6brophlz2b4aut5a",
            "create_vnic_details": [
              {
                "assign_public_ip": "true",
                "defined_tags": {
                  "Oracle-Tags.AutoDeleteAfterDays": "14",
                  "Oracle-Tags.CreatedBy": "oracleidentitycloudservice/vidyut.verma@oracle.com",
                  "Oracle-Tags.CreatedOn": "2020-05-03T10:53:07.490Z",
                  "Oracle-Tags.Purpose": "Personal Learning"
                },
                "display_name": "primaryvnic",
                "freeform_tags": {},
                "hostname_label": "tfexampleinstance",
                "nsg_ids": null,
                "private_ip": "10.1.20.2",
                "skip_source_dest_check": false,
                "subnet_id": "ocid1.subnet.oc1.ap-mumbai-1.aaaaaaaallddnxftpshcbsi2plwqqseaxchkxnf76fe4q6hbqz44cp4e7o2a"
              }
            ],
            "dedicated_vm_host_id": null,
            "defined_tags": {
              "Oracle-Tags.AutoDeleteAfterDays": "14",
              "Oracle-Tags.CreatedBy": "oracleidentitycloudservice/vidyut.verma@oracle.com",
              "Oracle-Tags.CreatedOn": "2020-05-03T10:53:07.251Z",
              "Oracle-Tags.Purpose": "Personal Learning"
            },
            "display_name": "TFInstance",
            "extended_metadata": null,
            "fault_domain": "FAULT-DOMAIN-3",
            "freeform_tags": {},
            "hostname_label": "tfexampleinstance",
            "id": "ocid1.instance.oc1.ap-mumbai-1.anrg6ljr43cggcic55ldoi2l2shslwcqxj6sxioo2gypkuplrvft5qdnf4ua",
            "image": "ocid1.image.oc1.ap-mumbai-1.aaaaaaaarrsp6bazleeeghz6jcifatswozlqkoffzwxzbt2ilj2f65ngqi6a",
            "ipxe_script": null,
            "is_pv_encryption_in_transit_enabled": null,
            "launch_mode": "NATIVE",
            "launch_options": [
              {
                "boot_volume_type": "PARAVIRTUALIZED",
                "firmware": "UEFI_64",
                "is_consistent_volume_naming_enabled": true,
                "is_pv_encryption_in_transit_enabled": false,
                "network_type": "PARAVIRTUALIZED",
                "remote_data_volume_type": "PARAVIRTUALIZED"
              }
            ],
            "metadata": {
              "ssh_authorized_keys": "ssh-rsa AAAAB3NzaC1yc2EAAAABJQAAAQEAhBJfGcOOuLl8YYvb4i7/+ELCW6Zv52vEg471sQRRYizPGaNXM4SqhbAHBzJoM3sxMeLEMh3sosvFrOZJUh0svT3ghvSTWj+ZGLAr8ethBuolOG0iruTyDx9tfN4pEqmpbNopgxPkx6aNXq2LA2yxUhyOvFNLdJujKS+gPv9zqB8aWLXH4RTQ7oto5eSGQ/wcxADzRcIT9tjhhEKvo7QsHSRCP7P577RtsAvE4zbwZZuyhAsm8M1/r4eCInXoOHWrkJzV5TLiNB6uOLaSTVhP2wxFsd1wdv9gX6WKtUCaJKE+TT4etoZnQAb0i+Xf/J31fXOEl2ClqAeqsgYXV4vBiw== rsa-key-20190219"
            },
            "preserve_boot_volume": null,
            "private_ip": "10.1.20.2",
            "public_ip": "140.238.249.244",
            "region": "ap-mumbai-1",
            "shape": "VM.Standard2.1",
            "source_details": [
              {
                "boot_volume_size_in_gbs": "47",
                "kms_key_id": "",
                "source_id": "ocid1.image.oc1.ap-mumbai-1.aaaaaaaarrsp6bazleeeghz6jcifatswozlqkoffzwxzbt2ilj2f65ngqi6a",
                "source_type": "image"
              }
            ],
            "state": "RUNNING",
            "subnet_id": "ocid1.subnet.oc1.ap-mumbai-1.aaaaaaaallddnxftpshcbsi2plwqqseaxchkxnf76fe4q6hbqz44cp4e7o2a",
            "system_tags": {},
            "time_created": "2020-05-03 10:53:08.148 +0000 UTC",
            "time_maintenance_reboot_due": "",
            "timeouts": {
              "create": "60m",
              "delete": null,
              "update": null
            }
          },
          "private": "eyJlMmJmYjczMC1lY2FhLTExZTYtOGY4OC0zNDM2M2JjN2M0YzAiOnsiY3JlYXRlIjozNjAwMDAwMDAwMDAwLCJkZWxldGUiOjcyMDAwMDAwMDAwMDAsInVwZGF0ZSI6NzIwMDAwMDAwMDAwMH19",
          "dependencies": [
            "oci_core_internet_gateway.ExampleIG",
            "oci_core_route_table.ExampleRT",
            "oci_core_subnet.ExampleSubnet",
            "oci_core_virtual_network.ExampleVCN"
          ]
        }
      ]
    },
    {
      "mode": "managed",
      "type": "oci_core_internet_gateway",
      "name": "ExampleIG",
      "provider": "provider.oci",
      "instances": [
        {
          "schema_version": 0,
          "attributes": {
            "compartment_id": "ocid1.compartment.oc1..aaaaaaaabi76e7szr5bi7x4iaetmxkjbj5vgzljoad2h6brophlz2b4aut5a",
            "defined_tags": {
              "Oracle-Tags.AutoDeleteAfterDays": "14",
              "Oracle-Tags.CreatedBy": "oracleidentitycloudservice/vidyut.verma@oracle.com",
              "Oracle-Tags.CreatedOn": "2020-05-03T10:53:06.243Z",
              "Oracle-Tags.Purpose": "Personal Learning"
            },
            "display_name": "TFExampleIG",
            "enabled": true,
            "freeform_tags": {},
            "id": "ocid1.internetgateway.oc1.ap-mumbai-1.aaaaaaaa5sffb7pjg2c43nqfbtwxqpb43yqewmv73j5dv6c4dzw4dzcgnita",
            "state": "AVAILABLE",
            "time_created": "2020-05-03 10:53:06.286 +0000 UTC",
            "timeouts": null,
            "vcn_id": "ocid1.vcn.oc1.ap-mumbai-1.amaaaaaa43cggciape6yae3impbp2nufaj7sirxxoj4jxja2twoagijaa7qa"
          },
          "private": "eyJlMmJmYjczMC1lY2FhLTExZTYtOGY4OC0zNDM2M2JjN2M0YzAiOnsiY3JlYXRlIjo5MDAwMDAwMDAwMDAsImRlbGV0ZSI6OTAwMDAwMDAwMDAwLCJ1cGRhdGUiOjkwMDAwMDAwMDAwMH19",
          "dependencies": [
            "oci_core_virtual_network.ExampleVCN"
          ]
        }
      ]
    },
    {
      "mode": "managed",
      "type": "oci_core_route_table",
      "name": "ExampleRT",
      "provider": "provider.oci",
      "instances": [
        {
          "schema_version": 0,
          "attributes": {
            "compartment_id": "ocid1.compartment.oc1..aaaaaaaabi76e7szr5bi7x4iaetmxkjbj5vgzljoad2h6brophlz2b4aut5a",
            "defined_tags": {
              "Oracle-Tags.AutoDeleteAfterDays": "14",
              "Oracle-Tags.CreatedBy": "oracleidentitycloudservice/vidyut.verma@oracle.com",
              "Oracle-Tags.CreatedOn": "2020-05-03T10:53:06.512Z",
              "Oracle-Tags.Purpose": "Personal Learning"
            },
            "display_name": "TFExampleRouteTable",
            "freeform_tags": {},
            "id": "ocid1.routetable.oc1.ap-mumbai-1.aaaaaaaailest7fegc3dj6y7li34prj5z2lqalfklruovve6cvu3xfvybdaa",
            "route_rules": [
              {
                "cidr_block": "0.0.0.0/0",
                "description": "",
                "destination": "0.0.0.0/0",
                "destination_type": "CIDR_BLOCK",
                "network_entity_id": "ocid1.internetgateway.oc1.ap-mumbai-1.aaaaaaaa5sffb7pjg2c43nqfbtwxqpb43yqewmv73j5dv6c4dzw4dzcgnita"
              }
            ],
            "state": "AVAILABLE",
            "time_created": "2020-05-03 10:53:06.541 +0000 UTC",
            "timeouts": null,
            "vcn_id": "ocid1.vcn.oc1.ap-mumbai-1.amaaaaaa43cggciape6yae3impbp2nufaj7sirxxoj4jxja2twoagijaa7qa"
          },
          "private": "eyJlMmJmYjczMC1lY2FhLTExZTYtOGY4OC0zNDM2M2JjN2M0YzAiOnsiY3JlYXRlIjo5MDAwMDAwMDAwMDAsImRlbGV0ZSI6OTAwMDAwMDAwMDAwLCJ1cGRhdGUiOjkwMDAwMDAwMDAwMH19",
          "dependencies": [
            "oci_core_internet_gateway.ExampleIG",
            "oci_core_virtual_network.ExampleVCN"
          ]
        }
      ]
    },
    {
      "mode": "managed",
      "type": "oci_core_subnet",
      "name": "ExampleSubnet",
      "provider": "provider.oci",
      "instances": [
        {
          "schema_version": 0,
          "attributes": {
            "availability_domain": "VPLM:AP-MUMBAI-1-AD-1",
            "cidr_block": "10.1.20.0/24",
            "compartment_id": "ocid1.compartment.oc1..aaaaaaaabi76e7szr5bi7x4iaetmxkjbj5vgzljoad2h6brophlz2b4aut5a",
            "defined_tags": {
              "Oracle-Tags.AutoDeleteAfterDays": "14",
              "Oracle-Tags.CreatedBy": "oracleidentitycloudservice/vidyut.verma@oracle.com",
              "Oracle-Tags.CreatedOn": "2020-05-03T10:53:06.753Z",
              "Oracle-Tags.Purpose": "Personal Learning"
            },
            "dhcp_options_id": "ocid1.dhcpoptions.oc1.ap-mumbai-1.aaaaaaaa2smeykltpjl6x2qapilxza45xxgylncvz2urai2hwmryqtvr6a7q",
            "display_name": "TFExampleSubnet",
            "dns_label": "tfexamplesubnet",
            "freeform_tags": {},
            "id": "ocid1.subnet.oc1.ap-mumbai-1.aaaaaaaallddnxftpshcbsi2plwqqseaxchkxnf76fe4q6hbqz44cp4e7o2a",
            "ipv6cidr_block": null,
            "ipv6public_cidr_block": null,
            "ipv6virtual_router_ip": null,
            "prohibit_public_ip_on_vnic": false,
            "route_table_id": "ocid1.routetable.oc1.ap-mumbai-1.aaaaaaaailest7fegc3dj6y7li34prj5z2lqalfklruovve6cvu3xfvybdaa",
            "security_list_ids": [
              "ocid1.securitylist.oc1.ap-mumbai-1.aaaaaaaaacuzxvpplzae373gjjacouqyr5nzng7yskzjcaov3jp4tu2au3aa"
            ],
            "state": "AVAILABLE",
            "subnet_domain_name": "tfexamplesubnet.tfexamplevcn.oraclevcn.com",
            "time_created": "2020-05-03 10:53:06.813 +0000 UTC",
            "timeouts": null,
            "vcn_id": "ocid1.vcn.oc1.ap-mumbai-1.amaaaaaa43cggciape6yae3impbp2nufaj7sirxxoj4jxja2twoagijaa7qa",
            "virtual_router_ip": "10.1.20.1",
            "virtual_router_mac": "00:00:17:2A:B5:11"
          },
          "private": "eyJlMmJmYjczMC1lY2FhLTExZTYtOGY4OC0zNDM2M2JjN2M0YzAiOnsiY3JlYXRlIjo5MDAwMDAwMDAwMDAsImRlbGV0ZSI6OTAwMDAwMDAwMDAwLCJ1cGRhdGUiOjkwMDAwMDAwMDAwMH19",
          "dependencies": [
            "oci_core_internet_gateway.ExampleIG",
            "oci_core_route_table.ExampleRT",
            "oci_core_virtual_network.ExampleVCN"
          ]
        }
      ]
    },
    {
      "mode": "managed",
      "type": "oci_core_virtual_network",
      "name": "ExampleVCN",
      "provider": "provider.oci",
      "instances": [
        {
          "schema_version": 0,
          "attributes": {
            "cidr_block": "10.1.0.0/16",
            "compartment_id": "ocid1.compartment.oc1..aaaaaaaabi76e7szr5bi7x4iaetmxkjbj5vgzljoad2h6brophlz2b4aut5a",
            "default_dhcp_options_id": "ocid1.dhcpoptions.oc1.ap-mumbai-1.aaaaaaaa2smeykltpjl6x2qapilxza45xxgylncvz2urai2hwmryqtvr6a7q",
            "default_route_table_id": "ocid1.routetable.oc1.ap-mumbai-1.aaaaaaaaem7pfdppfjirbi4omdsow5lvgmhvk7g3ktogqtgnirnpw42l3lsq",
            "default_security_list_id": "ocid1.securitylist.oc1.ap-mumbai-1.aaaaaaaaacuzxvpplzae373gjjacouqyr5nzng7yskzjcaov3jp4tu2au3aa",
            "defined_tags": {
              "Oracle-Tags.AutoDeleteAfterDays": "14",
              "Oracle-Tags.CreatedBy": "oracleidentitycloudservice/vidyut.verma@oracle.com",
              "Oracle-Tags.CreatedOn": "2020-05-03T10:53:05.959Z",
              "Oracle-Tags.Purpose": "Personal Learning"
            },
            "display_name": "TFExampleVCN",
            "dns_label": "tfexamplevcn",
            "freeform_tags": {},
            "id": "ocid1.vcn.oc1.ap-mumbai-1.amaaaaaa43cggciape6yae3impbp2nufaj7sirxxoj4jxja2twoagijaa7qa",
            "ipv6cidr_block": null,
            "ipv6public_cidr_block": null,
            "is_ipv6enabled": null,
            "state": "AVAILABLE",
            "time_created": "2020-05-03 10:53:05.963 +0000 UTC",
            "timeouts": null,
            "vcn_domain_name": "tfexamplevcn.oraclevcn.com"
          },
          "private": "eyJlMmJmYjczMC1lY2FhLTExZTYtOGY4OC0zNDM2M2JjN2M0YzAiOnsiY3JlYXRlIjo5MDAwMDAwMDAwMDAsImRlbGV0ZSI6OTAwMDAwMDAwMDAwLCJ1cGRhdGUiOjkwMDAwMDAwMDAwMH19"
        }
      ]
    },
    {
      "mode": "managed",
      "type": "oci_core_volume",
      "name": "TFBlock0",
      "provider": "provider.oci",
      "instances": [
        {
          "schema_version": 0,
          "attributes": {
            "availability_domain": "VPLM:AP-MUMBAI-1-AD-1",
            "backup_policy_id": null,
            "compartment_id": "ocid1.compartment.oc1..aaaaaaaabi76e7szr5bi7x4iaetmxkjbj5vgzljoad2h6brophlz2b4aut5a",
            "defined_tags": {},
            "display_name": "TFBlock0",
            "freeform_tags": {},
            "id": "ocid1.volume.oc1.ap-mumbai-1.abrg6ljr6ggz7j3ieyqa47nlpcdbuflrm4xidwtgydo5fbe4mb73b7tnynsq",
            "is_hydrated": true,
            "kms_key_id": null,
            "size_in_gbs": "50",
            "size_in_mbs": "51200",
            "source_details": [],
            "state": "AVAILABLE",
            "system_tags": {},
            "time_created": "2020-05-03 10:53:05.998 +0000 UTC",
            "timeouts": null,
            "volume_backup_id": null,
            "volume_group_id": null,
            "vpus_per_gb": "10"
          },
          "private": "eyJlMmJmYjczMC1lY2FhLTExZTYtOGY4OC0zNDM2M2JjN2M0YzAiOnsiY3JlYXRlIjo5MDAwMDAwMDAwMDAsImRlbGV0ZSI6OTAwMDAwMDAwMDAwLCJ1cGRhdGUiOjkwMDAwMDAwMDAwMH19"
        }
      ]
    },
    {
      "mode": "managed",
      "type": "oci_core_volume_attachment",
      "name": "TFBlock0Attach",
      "provider": "provider.oci",
      "instances": [
        {
          "schema_version": 0,
          "attributes": {
            "attachment_type": "iscsi",
            "availability_domain": "VPLM:AP-MUMBAI-1-AD-1",
            "chap_secret": null,
            "chap_username": null,
            "compartment_id": "ocid1.compartment.oc1..aaaaaaaabi76e7szr5bi7x4iaetmxkjbj5vgzljoad2h6brophlz2b4aut5a",
            "device": null,
            "display_name": "volumeattachment20200503105452",
            "id": "ocid1.volumeattachment.oc1.ap-mumbai-1.anrg6ljr43cggcicitcup7grn2bsxpqfqijezxn5ebenl2cxiaajtt274z7q",
            "instance_id": "ocid1.instance.oc1.ap-mumbai-1.anrg6ljr43cggcic55ldoi2l2shslwcqxj6sxioo2gypkuplrvft5qdnf4ua",
            "ipv4": "169.254.2.2",
            "iqn": "iqn.2015-12.com.oracleiaas:abd59334-e548-4643-848c-7ea4fb127eae",
            "is_pv_encryption_in_transit_enabled": false,
            "is_read_only": false,
            "is_shareable": null,
            "port": 3260,
            "state": "ATTACHED",
            "time_created": "2020-05-03 10:54:52.095 +0000 UTC",
            "timeouts": null,
            "use_chap": null,
            "volume_id": "ocid1.volume.oc1.ap-mumbai-1.abrg6ljr6ggz7j3ieyqa47nlpcdbuflrm4xidwtgydo5fbe4mb73b7tnynsq"
          },
          "private": "eyJlMmJmYjczMC1lY2FhLTExZTYtOGY4OC0zNDM2M2JjN2M0YzAiOnsiY3JlYXRlIjo5MDAwMDAwMDAwMDAsImRlbGV0ZSI6OTAwMDAwMDAwMDAwLCJ1cGRhdGUiOjkwMDAwMDAwMDAwMH19",
          "dependencies": [
            "oci_core_instance.TFInstance",
            "oci_core_internet_gateway.ExampleIG",
            "oci_core_route_table.ExampleRT",
            "oci_core_subnet.ExampleSubnet",
            "oci_core_virtual_network.ExampleVCN",
            "oci_core_volume.TFBlock0"
          ]
        }
      ]
    }
  ]
}
